
Microsoft Visual Studio Solution File, Format Version 12.00
# Visual Studio Version 17
VisualStudioVersion = 17.0.31903.59
MinimumVisualStudioVersion = 10.0.40219.1
Project("{2150E333-8FDC-42A3-9474-1A3956D46DE8}") = "src", "src", "{D1F25F42-D06E-436A-9806-C61D2BE5C3C0}"
EndProject
Project("{FAE04EC0-301F-11D3-BF4B-00C04F79EFBC}") = "InterviewTest.Core", "src\InterviewTest.Core\InterviewTest.Core.csproj", "{9FA654A2-367A-45F4-B0DB-0BFE597449C9}"
EndProject
Project("{FAE04EC0-301F-11D3-BF4B-00C04F79EFBC}") = "InterviewTest.Infrastructure", "src\InterviewTest.Infrastructure\InterviewTest.Infrastructure.csproj", "{38ACB100-1F1E-439E-BCF0-0DF2D30AB0D5}"
EndProject
Project("{FAE04EC0-301F-11D3-BF4B-00C04F79EFBC}") = "InterviewTest.Api", "src\InterviewTest.Api\InterviewTest.Api.csproj", "{21337ED4-D8CE-44ED-824E-6E3E1AC9561A}"
EndProject
Project("{2150E333-8FDC-42A3-9474-1A3956D46DE8}") = "tests", "tests", "{5AE05563-A987-43AD-AA20-293D17E34CA0}"
EndProject
Project("{FAE04EC0-301F-11D3-BF4B-00C04F79EFBC}") = "InterviewTest.Core.Tests", "tests\InterviewTest.Core.Tests\InterviewTest.Core.Tests.csproj", "{06F0F42B-5949-423B-850B-C1350734B84B}"
EndProject
Project("{FAE04EC0-301F-11D3-BF4B-00C04F79EFBC}") = "InterviewTest.Api.Tests", "tests\InterviewTest.Api.Tests\InterviewTest.Api.Tests.csproj", "{7FEAE5CC-EC09-44E7-A178-5C9A8875833F}"
EndProject
Global
	GlobalSection(SolutionConfigurationPlatforms) = preSolution
		Debug|Any CPU = Debug|Any CPU
		Release|Any CPU = Release|Any CPU
	EndGlobalSection
	GlobalSection(SolutionProperties) = preSolution
		HideSolutionNode = FALSE
	EndGlobalSection
	GlobalSection(ProjectConfigurationPlatforms) = postSolution
		{9FA654A2-367A-45F4-B0DB-0BFE597449C9}.Debug|Any CPU.ActiveCfg = Debug|Any CPU
		{9FA654A2-367A-45F4-B0DB-0BFE597449C9}.Debug|Any CPU.Build.0 = Debug|Any CPU
		{9FA654A2-367A-45F4-B0DB-0BFE597449C9}.Release|Any CPU.ActiveCfg = Release|Any CPU
		{9FA654A2-367A-45F4-B0DB-0BFE597449C9}.Release|Any CPU.Build.0 = Release|Any CPU
		{38ACB100-1F1E-439E-BCF0-0DF2D30AB0D5}.Debug|Any CPU.ActiveCfg = Debug|Any CPU
		{38ACB100-1F1E-439E-BCF0-0DF2D30AB0D5}.Debug|Any CPU.Build.0 = Debug|Any CPU
		{38ACB100-1F1E-439E-BCF0-0DF2D30AB0D5}.Release|Any CPU.ActiveCfg = Release|Any CPU
		{38ACB100-1F1E-439E-BCF0-0DF2D30AB0D5}.Release|Any CPU.Build.0 = Release|Any CPU
		{21337ED4-D8CE-44ED-824E-6E3E1AC9561A}.Debug|Any CPU.ActiveCfg = Debug|Any CPU
		{21337ED4-D8CE-44ED-824E-6E3E1AC9561A}.Debug|Any CPU.Build.0 = Debug|Any CPU
		{21337ED4-D8CE-44ED-824E-6E3E1AC9561A}.Release|Any CPU.ActiveCfg = Release|Any CPU
		{21337ED4-D8CE-44ED-824E-6E3E1AC9561A}.Release|Any CPU.Build.0 = Release|Any CPU
		{06F0F42B-5949-423B-850B-C1350734B84B}.Debug|Any CPU.ActiveCfg = Debug|Any CPU
		{06F0F42B-5949-423B-850B-C1350734B84B}.Debug|Any CPU.Build.0 = Debug|Any CPU
		{06F0F42B-5949-423B-850B-C1350734B84B}.Release|Any CPU.ActiveCfg = Release|Any CPU
		{06F0F42B-5949-423B-850B-C1350734B84B}.Release|Any CPU.Build.0 = Release|Any CPU
		{7FEAE5CC-EC09-44E7-A178-5C9A8875833F}.Debug|Any CPU.ActiveCfg = Debug|Any CPU
		{7FEAE5CC-EC09-44E7-A178-5C9A8875833F}.Debug|Any CPU.Build.0 = Debug|Any CPU
		{7FEAE5CC-EC09-44E7-A178-5C9A8875833F}.Release|Any CPU.ActiveCfg = Release|Any CPU
		{7FEAE5CC-EC09-44E7-A178-5C9A8875833F}.Release|Any CPU.Build.0 = Release|Any CPU
	EndGlobalSection
	GlobalSection(NestedProjects) = preSolution
		{9FA654A2-367A-45F4-B0DB-0BFE597449C9} = {D1F25F42-D06E-436A-9806-C61D2BE5C3C0}
		{38ACB100-1F1E-439E-BCF0-0DF2D30AB0D5} = {D1F25F42-D06E-436A-9806-C61D2BE5C3C0}
		{21337ED4-D8CE-44ED-824E-6E3E1AC9561A} = {D1F25F42-D06E-436A-9806-C61D2BE5C3C0}
		{06F0F42B-5949-423B-850B-C1350734B84B} = {5AE05563-A987-43AD-AA20-293D17E34CA0}
		{7FEAE5CC-EC09-44E7-A178-5C9A8875833F} = {5AE05563-A987-43AD-AA20-293D17E34CA0}
	EndGlobalSection
EndGlobal
